<?xml version="1.0" encoding="UTF-8" standalone="yes" ?>
<CodeBlocks_project_file>
	<FileVersion major="1" minor="6" />
	<Project>
		<Option title="ClassicPlugin" />
		<Option pch_mode="2" />
		<Option compiler="gcc" />
		<Build>
			<Target title="Debug">
				<Option output="..\bin\Windows\Debug\Plugins\ClassicPlugin" prefix_auto="1" extension_auto="1" />
				<Option working_dir="..\bin\Windows\Debug\" />
				<Option object_output="..\obj\ClassicPlugin\Windows\Debug\" />
				<Option type="3" />
				<Option compiler="gcc" />
				<Option parameters="-n" />
				<Option host_application="C:\Users\Adam\Projects\Aftershock\Code\bin\Windows\Debug\Aftershock.exe" />
				<Compiler>
					<Add option="-Wall" />
					<Add option="-DBUILD_DLL" />
					<Add option="-g" />
				</Compiler>
				<Linker>
					<Add library="user32" />
				</Linker>
			</Target>
			<Target title="Release">
				<Option output="bin\Release\ClassicPlugin" prefix_auto="1" extension_auto="1" />
				<Option object_output="obj\Release\" />
				<Option type="3" />
				<Option compiler="gcc" />
				<Option createDefFile="1" />
				<Option createStaticLib="1" />
				<Compiler>
					<Add option="-Wall" />
					<Add option="-DBUILD_DLL" />
					<Add option="-O2" />
				</Compiler>
				<Linker>
					<Add option="-s" />
					<Add library="user32" />
				</Linker>
			</Target>
		</Build>
		<Compiler>
			<Add option="-std=c++0x" />
			<Add option="-U__STRICT_ANSI__" />
			<Add option="-D_WIN32_WINNT=0x0500" />
			<Add option="-DBOOST_THREAD_USE_LIB" />
			<Add directory="..\include" />
			<Add directory="..\" />
		</Compiler>
		<Linker>
			<Add option="-Wl,--enable-auto-import" />
			<Add option="-Wl,-t" />
			<Add library="ws2_32" />
			<Add library="libnbtlib.a" />
			<Add library="libboost_thread_d.a" />
			<Add library="libboost_system_d.a" />
			<Add library="libboost_iostreams_d.a" />
			<Add library="libboost_signals_d.a" />
			<Add library="libboost_filesystem_d.a" />
			<Add library="libz" />
			<Add library="..\bin\Windows\Debug\Aftershock.dll.a" />
			<Add directory="..\lib" />
		</Linker>
		<Unit filename="ClassicProtocol.hpp" />
		<Unit filename="Player.cpp" />
		<Unit filename="Player.hpp" />
		<Unit filename="PlayerDB.cpp" />
		<Unit filename="PlayerDB.hpp" />
		<Unit filename="Players.cpp" />
		<Unit filename="Players.hpp" />
		<Unit filename="World.cpp" />
		<Unit filename="World.hpp" />
		<Unit filename="Worlds.cpp" />
		<Unit filename="Worlds.hpp" />
		<Unit filename="main.cpp" />
		<Extensions>
			<code_completion />
			<envvars />
			<debugger />
			<lib_finder disable_auto="1" />
		</Extensions>
	</Project>
</CodeBlocks_project_file>
